
Microsoft Visual Studio Solution File, Format Version 12.00
# Visual Studio 2013
VisualStudioVersion = 12.0.31101.0
MinimumVisualStudioVersion = 10.0.40219.1
Project("{FAE04EC0-301F-11D3-BF4B-00C04F79EFBC}") = "XFBehaviors", "XFBehaviors.csproj", "{67F9D3A8-F71E-4428-913F-C37AE82CDB24}"
EndProject
Project("{2150E333-8FDC-42A3-9474-1A3956D46DE8}") = ".nuget", ".nuget", "{5FCABC5A-E696-4C73-83F6-92FFC9703EE4}"
	ProjectSection(SolutionItems) = preProject
		.nuget\NuGet.Config = .nuget\NuGet.Config
		.nuget\NuGet.exe = .nuget\NuGet.exe
		.nuget\NuGet.targets = .nuget\NuGet.targets
	EndProjectSection
EndProject
Project("{FAE04EC0-301F-11D3-BF4B-00C04F79EFBC}") = "XFBehaviorsSample", "..\XFBehaviorsSample\XFBehaviorsSample\XFBehaviorsSample.csproj", "{17D63A00-38B6-4626-917D-C426990A0F5F}"
EndProject
Project("{FAE04EC0-301F-11D3-BF4B-00C04F79EFBC}") = "XFBehaviorsSample.iOS", "..\XFBehaviorsSample\XFBehaviorsSample.iOS\XFBehaviorsSample.iOS.csproj", "{88CD827D-B536-4FD0-8B1E-22A3A5DEB542}"
EndProject
Project("{FAE04EC0-301F-11D3-BF4B-00C04F79EFBC}") = "XFBehaviorsSample.Droid", "..\XFBehaviorsSample\XFBehaviorsSample.Droid\XFBehaviorsSample.Droid.csproj", "{14199E3A-D65C-49C3-80AA-F8E403A2E9F4}"
EndProject
Project("{FAE04EC0-301F-11D3-BF4B-00C04F79EFBC}") = "XFBehaviorsSample.WinPhone", "..\XFBehaviorsSample\XFBehaviorsSample.WinPhone\XFBehaviorsSample.WinPhone.csproj", "{2A585040-D058-46BF-B92D-444A48B2042C}"
EndProject
Project("{2150E333-8FDC-42A3-9474-1A3956D46DE8}") = "XFBehaviorsSample", "XFBehaviorsSample", "{6D171536-93E6-408E-893B-29DABC57D490}"
EndProject
Project("{2150E333-8FDC-42A3-9474-1A3956D46DE8}") = "XFBehaviorsLibrary", "XFBehaviorsLibrary", "{F937F89C-CD5E-41F0-A7DC-71A20A273D07}"
EndProject
Global
	GlobalSection(SolutionConfigurationPlatforms) = preSolution
		Ad-Hoc|Any CPU = Ad-Hoc|Any CPU
		Ad-Hoc|ARM = Ad-Hoc|ARM
		Ad-Hoc|iPhone = Ad-Hoc|iPhone
		Ad-Hoc|iPhoneSimulator = Ad-Hoc|iPhoneSimulator
		Ad-Hoc|Mixed Platforms = Ad-Hoc|Mixed Platforms
		Ad-Hoc|x86 = Ad-Hoc|x86
		AppStore|Any CPU = AppStore|Any CPU
		AppStore|ARM = AppStore|ARM
		AppStore|iPhone = AppStore|iPhone
		AppStore|iPhoneSimulator = AppStore|iPhoneSimulator
		AppStore|Mixed Platforms = AppStore|Mixed Platforms
		AppStore|x86 = AppStore|x86
		Debug|Any CPU = Debug|Any CPU
		Debug|ARM = Debug|ARM
		Debug|iPhone = Debug|iPhone
		Debug|iPhoneSimulator = Debug|iPhoneSimulator
		Debug|Mixed Platforms = Debug|Mixed Platforms
		Debug|x86 = Debug|x86
		Release|Any CPU = Release|Any CPU
		Release|ARM = Release|ARM
		Release|iPhone = Release|iPhone
		Release|iPhoneSimulator = Release|iPhoneSimulator
		Release|Mixed Platforms = Release|Mixed Platforms
		Release|x86 = Release|x86
	EndGlobalSection
	GlobalSection(ProjectConfigurationPlatforms) = postSolution
		{67F9D3A8-F71E-4428-913F-C37AE82CDB24}.Ad-Hoc|Any CPU.ActiveCfg = Release|Any CPU
		{67F9D3A8-F71E-4428-913F-C37AE82CDB24}.Ad-Hoc|Any CPU.Build.0 = Release|Any CPU
		{67F9D3A8-F71E-4428-913F-C37AE82CDB24}.Ad-Hoc|ARM.ActiveCfg = Release|Any CPU
		{67F9D3A8-F71E-4428-913F-C37AE82CDB24}.Ad-Hoc|iPhone.ActiveCfg = Release|Any CPU
		{67F9D3A8-F71E-4428-913F-C37AE82CDB24}.Ad-Hoc|iPhoneSimulator.ActiveCfg = Release|Any CPU
		{67F9D3A8-F71E-4428-913F-C37AE82CDB24}.Ad-Hoc|Mixed Platforms.ActiveCfg = Release|Any CPU
		{67F9D3A8-F71E-4428-913F-C37AE82CDB24}.Ad-Hoc|Mixed Platforms.Build.0 = Release|Any CPU
		{67F9D3A8-F71E-4428-913F-C37AE82CDB24}.Ad-Hoc|x86.ActiveCfg = Release|Any CPU
		{67F9D3A8-F71E-4428-913F-C37AE82CDB24}.AppStore|Any CPU.ActiveCfg = Release|Any CPU
		{67F9D3A8-F71E-4428-913F-C37AE82CDB24}.AppStore|Any CPU.Build.0 = Release|Any CPU
		{67F9D3A8-F71E-4428-913F-C37AE82CDB24}.AppStore|ARM.ActiveCfg = Release|Any CPU
		{67F9D3A8-F71E-4428-913F-C37AE82CDB24}.AppStore|iPhone.ActiveCfg = Release|Any CPU
		{67F9D3A8-F71E-4428-913F-C37AE82CDB24}.AppStore|iPhoneSimulator.ActiveCfg = Release|Any CPU
		{67F9D3A8-F71E-4428-913F-C37AE82CDB24}.AppStore|Mixed Platforms.ActiveCfg = Release|Any CPU
		{67F9D3A8-F71E-4428-913F-C37AE82CDB24}.AppStore|Mixed Platforms.Build.0 = Release|Any CPU
		{67F9D3A8-F71E-4428-913F-C37AE82CDB24}.AppStore|x86.ActiveCfg = Release|Any CPU
		{67F9D3A8-F71E-4428-913F-C37AE82CDB24}.Debug|Any CPU.ActiveCfg = Debug|Any CPU
		{67F9D3A8-F71E-4428-913F-C37AE82CDB24}.Debug|Any CPU.Build.0 = Debug|Any CPU
		{67F9D3A8-F71E-4428-913F-C37AE82CDB24}.Debug|ARM.ActiveCfg = Debug|Any CPU
		{67F9D3A8-F71E-4428-913F-C37AE82CDB24}.Debug|iPhone.ActiveCfg = Debug|Any CPU
		{67F9D3A8-F71E-4428-913F-C37AE82CDB24}.Debug|iPhoneSimulator.ActiveCfg = Debug|Any CPU
		{67F9D3A8-F71E-4428-913F-C37AE82CDB24}.Debug|Mixed Platforms.ActiveCfg = Debug|Any CPU
		{67F9D3A8-F71E-4428-913F-C37AE82CDB24}.Debug|Mixed Platforms.Build.0 = Debug|Any CPU
		{67F9D3A8-F71E-4428-913F-C37AE82CDB24}.Debug|x86.ActiveCfg = Debug|Any CPU
		{67F9D3A8-F71E-4428-913F-C37AE82CDB24}.Release|Any CPU.ActiveCfg = Release|Any CPU
		{67F9D3A8-F71E-4428-913F-C37AE82CDB24}.Release|Any CPU.Build.0 = Release|Any CPU
		{67F9D3A8-F71E-4428-913F-C37AE82CDB24}.Release|ARM.ActiveCfg = Release|Any CPU
		{67F9D3A8-F71E-4428-913F-C37AE82CDB24}.Release|iPhone.ActiveCfg = Release|Any CPU
		{67F9D3A8-F71E-4428-913F-C37AE82CDB24}.Release|iPhoneSimulator.ActiveCfg = Release|Any CPU
		{67F9D3A8-F71E-4428-913F-C37AE82CDB24}.Release|Mixed Platforms.ActiveCfg = Release|Any CPU
		{67F9D3A8-F71E-4428-913F-C37AE82CDB24}.Release|Mixed Platforms.Build.0 = Release|Any CPU
		{67F9D3A8-F71E-4428-913F-C37AE82CDB24}.Release|x86.ActiveCfg = Release|Any CPU
		{17D63A00-38B6-4626-917D-C426990A0F5F}.Ad-Hoc|Any CPU.ActiveCfg = Release|Any CPU
		{17D63A00-38B6-4626-917D-C426990A0F5F}.Ad-Hoc|Any CPU.Build.0 = Release|Any CPU
		{17D63A00-38B6-4626-917D-C426990A0F5F}.Ad-Hoc|ARM.ActiveCfg = Release|Any CPU
		{17D63A00-38B6-4626-917D-C426990A0F5F}.Ad-Hoc|iPhone.ActiveCfg = Release|Any CPU
		{17D63A00-38B6-4626-917D-C426990A0F5F}.Ad-Hoc|iPhoneSimulator.ActiveCfg = Release|Any CPU
		{17D63A00-38B6-4626-917D-C426990A0F5F}.Ad-Hoc|Mixed Platforms.ActiveCfg = Release|Any CPU
		{17D63A00-38B6-4626-917D-C426990A0F5F}.Ad-Hoc|Mixed Platforms.Build.0 = Release|Any CPU
		{17D63A00-38B6-4626-917D-C426990A0F5F}.Ad-Hoc|x86.ActiveCfg = Release|Any CPU
		{17D63A00-38B6-4626-917D-C426990A0F5F}.AppStore|Any CPU.ActiveCfg = Release|Any CPU
		{17D63A00-38B6-4626-917D-C426990A0F5F}.AppStore|Any CPU.Build.0 = Release|Any CPU
		{17D63A00-38B6-4626-917D-C426990A0F5F}.AppStore|ARM.ActiveCfg = Release|Any CPU
		{17D63A00-38B6-4626-917D-C426990A0F5F}.AppStore|iPhone.ActiveCfg = Release|Any CPU
		{17D63A00-38B6-4626-917D-C426990A0F5F}.AppStore|iPhoneSimulator.ActiveCfg = Release|Any CPU
		{17D63A00-38B6-4626-917D-C426990A0F5F}.AppStore|Mixed Platforms.ActiveCfg = Release|Any CPU
		{17D63A00-38B6-4626-917D-C426990A0F5F}.AppStore|Mixed Platforms.Build.0 = Release|Any CPU
		{17D63A00-38B6-4626-917D-C426990A0F5F}.AppStore|x86.ActiveCfg = Release|Any CPU
		{17D63A00-38B6-4626-917D-C426990A0F5F}.Debug|Any CPU.ActiveCfg = Debug|Any CPU
		{17D63A00-38B6-4626-917D-C426990A0F5F}.Debug|Any CPU.Build.0 = Debug|Any CPU
		{17D63A00-38B6-4626-917D-C426990A0F5F}.Debug|ARM.ActiveCfg = Debug|Any CPU
		{17D63A00-38B6-4626-917D-C426990A0F5F}.Debug|iPhone.ActiveCfg = Debug|Any CPU
		{17D63A00-38B6-4626-917D-C426990A0F5F}.Debug|iPhoneSimulator.ActiveCfg = Debug|Any CPU
		{17D63A00-38B6-4626-917D-C426990A0F5F}.Debug|Mixed Platforms.ActiveCfg = Debug|Any CPU
		{17D63A00-38B6-4626-917D-C426990A0F5F}.Debug|Mixed Platforms.Build.0 = Debug|Any CPU
		{17D63A00-38B6-4626-917D-C426990A0F5F}.Debug|x86.ActiveCfg = Debug|Any CPU
		{17D63A00-38B6-4626-917D-C426990A0F5F}.Release|Any CPU.ActiveCfg = Release|Any CPU
		{17D63A00-38B6-4626-917D-C426990A0F5F}.Release|Any CPU.Build.0 = Release|Any CPU
		{17D63A00-38B6-4626-917D-C426990A0F5F}.Release|ARM.ActiveCfg = Release|Any CPU
		{17D63A00-38B6-4626-917D-C426990A0F5F}.Release|iPhone.ActiveCfg = Release|Any CPU
		{17D63A00-38B6-4626-917D-C426990A0F5F}.Release|iPhoneSimulator.ActiveCfg = Release|Any CPU
		{17D63A00-38B6-4626-917D-C426990A0F5F}.Release|Mixed Platforms.ActiveCfg = Release|Any CPU
		{17D63A00-38B6-4626-917D-C426990A0F5F}.Release|Mixed Platforms.Build.0 = Release|Any CPU
		{17D63A00-38B6-4626-917D-C426990A0F5F}.Release|x86.ActiveCfg = Release|Any CPU
		{88CD827D-B536-4FD0-8B1E-22A3A5DEB542}.Ad-Hoc|Any CPU.ActiveCfg = Ad-Hoc|iPhone
		{88CD827D-B536-4FD0-8B1E-22A3A5DEB542}.Ad-Hoc|ARM.ActiveCfg = Ad-Hoc|iPhone
		{88CD827D-B536-4FD0-8B1E-22A3A5DEB542}.Ad-Hoc|iPhone.ActiveCfg = Ad-Hoc|iPhone
		{88CD827D-B536-4FD0-8B1E-22A3A5DEB542}.Ad-Hoc|iPhone.Build.0 = Ad-Hoc|iPhone
		{88CD827D-B536-4FD0-8B1E-22A3A5DEB542}.Ad-Hoc|iPhoneSimulator.ActiveCfg = Ad-Hoc|iPhoneSimulator
		{88CD827D-B536-4FD0-8B1E-22A3A5DEB542}.Ad-Hoc|iPhoneSimulator.Build.0 = Ad-Hoc|iPhoneSimulator
		{88CD827D-B536-4FD0-8B1E-22A3A5DEB542}.Ad-Hoc|Mixed Platforms.ActiveCfg = Ad-Hoc|iPhone
		{88CD827D-B536-4FD0-8B1E-22A3A5DEB542}.Ad-Hoc|Mixed Platforms.Build.0 = Ad-Hoc|iPhone
		{88CD827D-B536-4FD0-8B1E-22A3A5DEB542}.Ad-Hoc|x86.ActiveCfg = Ad-Hoc|iPhone
		{88CD827D-B536-4FD0-8B1E-22A3A5DEB542}.AppStore|Any CPU.ActiveCfg = AppStore|iPhone
		{88CD827D-B536-4FD0-8B1E-22A3A5DEB542}.AppStore|ARM.ActiveCfg = AppStore|iPhone
		{88CD827D-B536-4FD0-8B1E-22A3A5DEB542}.AppStore|iPhone.ActiveCfg = AppStore|iPhone
		{88CD827D-B536-4FD0-8B1E-22A3A5DEB542}.AppStore|iPhone.Build.0 = AppStore|iPhone
		{88CD827D-B536-4FD0-8B1E-22A3A5DEB542}.AppStore|iPhoneSimulator.ActiveCfg = AppStore|iPhoneSimulator
		{88CD827D-B536-4FD0-8B1E-22A3A5DEB542}.AppStore|iPhoneSimulator.Build.0 = AppStore|iPhoneSimulator
		{88CD827D-B536-4FD0-8B1E-22A3A5DEB542}.AppStore|Mixed Platforms.ActiveCfg = AppStore|iPhone
		{88CD827D-B536-4FD0-8B1E-22A3A5DEB542}.AppStore|Mixed Platforms.Build.0 = AppStore|iPhone
		{88CD827D-B536-4FD0-8B1E-22A3A5DEB542}.AppStore|x86.ActiveCfg = AppStore|iPhone
		{88CD827D-B536-4FD0-8B1E-22A3A5DEB542}.Debug|Any CPU.ActiveCfg = Debug|iPhone
		{88CD827D-B536-4FD0-8B1E-22A3A5DEB542}.Debug|ARM.ActiveCfg = Debug|iPhone
		{88CD827D-B536-4FD0-8B1E-22A3A5DEB542}.Debug|iPhone.ActiveCfg = Debug|iPhone
		{88CD827D-B536-4FD0-8B1E-22A3A5DEB542}.Debug|iPhone.Build.0 = Debug|iPhone
		{88CD827D-B536-4FD0-8B1E-22A3A5DEB542}.Debug|iPhoneSimulator.ActiveCfg = Debug|iPhoneSimulator
		{88CD827D-B536-4FD0-8B1E-22A3A5DEB542}.Debug|iPhoneSimulator.Build.0 = Debug|iPhoneSimulator
		{88CD827D-B536-4FD0-8B1E-22A3A5DEB542}.Debug|Mixed Platforms.ActiveCfg = Debug|iPhone
		{88CD827D-B536-4FD0-8B1E-22A3A5DEB542}.Debug|Mixed Platforms.Build.0 = Debug|iPhone
		{88CD827D-B536-4FD0-8B1E-22A3A5DEB542}.Debug|x86.ActiveCfg = Debug|iPhone
		{88CD827D-B536-4FD0-8B1E-22A3A5DEB542}.Release|Any CPU.ActiveCfg = Release|iPhone
		{88CD827D-B536-4FD0-8B1E-22A3A5DEB542}.Release|ARM.ActiveCfg = Release|iPhone
		{88CD827D-B536-4FD0-8B1E-22A3A5DEB542}.Release|iPhone.ActiveCfg = Release|iPhone
		{88CD827D-B536-4FD0-8B1E-22A3A5DEB542}.Release|iPhone.Build.0 = Release|iPhone
		{88CD827D-B536-4FD0-8B1E-22A3A5DEB542}.Release|iPhoneSimulator.ActiveCfg = Release|iPhoneSimulator
		{88CD827D-B536-4FD0-8B1E-22A3A5DEB542}.Release|iPhoneSimulator.Build.0 = Release|iPhoneSimulator
		{88CD827D-B536-4FD0-8B1E-22A3A5DEB542}.Release|Mixed Platforms.ActiveCfg = Release|iPhone
		{88CD827D-B536-4FD0-8B1E-22A3A5DEB542}.Release|Mixed Platforms.Build.0 = Release|iPhone
		{88CD827D-B536-4FD0-8B1E-22A3A5DEB542}.Release|x86.ActiveCfg = Release|iPhone
		{14199E3A-D65C-49C3-80AA-F8E403A2E9F4}.Ad-Hoc|Any CPU.ActiveCfg = Release|Any CPU
		{14199E3A-D65C-49C3-80AA-F8E403A2E9F4}.Ad-Hoc|Any CPU.Build.0 = Release|Any CPU
		{14199E3A-D65C-49C3-80AA-F8E403A2E9F4}.Ad-Hoc|Any CPU.Deploy.0 = Release|Any CPU
		{14199E3A-D65C-49C3-80AA-F8E403A2E9F4}.Ad-Hoc|ARM.ActiveCfg = Release|Any CPU
		{14199E3A-D65C-49C3-80AA-F8E403A2E9F4}.Ad-Hoc|iPhone.ActiveCfg = Release|Any CPU
		{14199E3A-D65C-49C3-80AA-F8E403A2E9F4}.Ad-Hoc|iPhoneSimulator.ActiveCfg = Release|Any CPU
		{14199E3A-D65C-49C3-80AA-F8E403A2E9F4}.Ad-Hoc|Mixed Platforms.ActiveCfg = Release|Any CPU
		{14199E3A-D65C-49C3-80AA-F8E403A2E9F4}.Ad-Hoc|Mixed Platforms.Build.0 = Release|Any CPU
		{14199E3A-D65C-49C3-80AA-F8E403A2E9F4}.Ad-Hoc|Mixed Platforms.Deploy.0 = Release|Any CPU
		{14199E3A-D65C-49C3-80AA-F8E403A2E9F4}.Ad-Hoc|x86.ActiveCfg = Release|Any CPU
		{14199E3A-D65C-49C3-80AA-F8E403A2E9F4}.AppStore|Any CPU.ActiveCfg = Release|Any CPU
		{14199E3A-D65C-49C3-80AA-F8E403A2E9F4}.AppStore|Any CPU.Build.0 = Release|Any CPU
		{14199E3A-D65C-49C3-80AA-F8E403A2E9F4}.AppStore|Any CPU.Deploy.0 = Release|Any CPU
		{14199E3A-D65C-49C3-80AA-F8E403A2E9F4}.AppStore|ARM.ActiveCfg = Release|Any CPU
		{14199E3A-D65C-49C3-80AA-F8E403A2E9F4}.AppStore|iPhone.ActiveCfg = Release|Any CPU
		{14199E3A-D65C-49C3-80AA-F8E403A2E9F4}.AppStore|iPhoneSimulator.ActiveCfg = Release|Any CPU
		{14199E3A-D65C-49C3-80AA-F8E403A2E9F4}.AppStore|Mixed Platforms.ActiveCfg = Release|Any CPU
		{14199E3A-D65C-49C3-80AA-F8E403A2E9F4}.AppStore|Mixed Platforms.Build.0 = Release|Any CPU
		{14199E3A-D65C-49C3-80AA-F8E403A2E9F4}.AppStore|Mixed Platforms.Deploy.0 = Release|Any CPU
		{14199E3A-D65C-49C3-80AA-F8E403A2E9F4}.AppStore|x86.ActiveCfg = Release|Any CPU
		{14199E3A-D65C-49C3-80AA-F8E403A2E9F4}.Debug|Any CPU.ActiveCfg = Debug|Any CPU
		{14199E3A-D65C-49C3-80AA-F8E403A2E9F4}.Debug|Any CPU.Build.0 = Debug|Any CPU
		{14199E3A-D65C-49C3-80AA-F8E403A2E9F4}.Debug|Any CPU.Deploy.0 = Debug|Any CPU
		{14199E3A-D65C-49C3-80AA-F8E403A2E9F4}.Debug|ARM.ActiveCfg = Debug|Any CPU
		{14199E3A-D65C-49C3-80AA-F8E403A2E9F4}.Debug|iPhone.ActiveCfg = Debug|Any CPU
		{14199E3A-D65C-49C3-80AA-F8E403A2E9F4}.Debug|iPhoneSimulator.ActiveCfg = Debug|Any CPU
		{14199E3A-D65C-49C3-80AA-F8E403A2E9F4}.Debug|Mixed Platforms.ActiveCfg = Debug|Any CPU
		{14199E3A-D65C-49C3-80AA-F8E403A2E9F4}.Debug|Mixed Platforms.Build.0 = Debug|Any CPU
		{14199E3A-D65C-49C3-80AA-F8E403A2E9F4}.Debug|Mixed Platforms.Deploy.0 = Debug|Any CPU
		{14199E3A-D65C-49C3-80AA-F8E403A2E9F4}.Debug|x86.ActiveCfg = Debug|Any CPU
		{14199E3A-D65C-49C3-80AA-F8E403A2E9F4}.Release|Any CPU.ActiveCfg = Release|Any CPU
		{14199E3A-D65C-49C3-80AA-F8E403A2E9F4}.Release|Any CPU.Build.0 = Release|Any CPU
		{14199E3A-D65C-49C3-80AA-F8E403A2E9F4}.Release|Any CPU.Deploy.0 = Release|Any CPU
		{14199E3A-D65C-49C3-80AA-F8E403A2E9F4}.Release|ARM.ActiveCfg = Release|Any CPU
		{14199E3A-D65C-49C3-80AA-F8E403A2E9F4}.Release|iPhone.ActiveCfg = Release|Any CPU
		{14199E3A-D65C-49C3-80AA-F8E403A2E9F4}.Release|iPhoneSimulator.ActiveCfg = Release|Any CPU
		{14199E3A-D65C-49C3-80AA-F8E403A2E9F4}.Release|Mixed Platforms.ActiveCfg = Release|Any CPU
		{14199E3A-D65C-49C3-80AA-F8E403A2E9F4}.Release|Mixed Platforms.Build.0 = Release|Any CPU
		{14199E3A-D65C-49C3-80AA-F8E403A2E9F4}.Release|Mixed Platforms.Deploy.0 = Release|Any CPU
		{14199E3A-D65C-49C3-80AA-F8E403A2E9F4}.Release|x86.ActiveCfg = Release|Any CPU
		{2A585040-D058-46BF-B92D-444A48B2042C}.Ad-Hoc|Any CPU.ActiveCfg = Release|Any CPU
		{2A585040-D058-46BF-B92D-444A48B2042C}.Ad-Hoc|Any CPU.Build.0 = Release|Any CPU
		{2A585040-D058-46BF-B92D-444A48B2042C}.Ad-Hoc|Any CPU.Deploy.0 = Release|Any CPU
		{2A585040-D058-46BF-B92D-444A48B2042C}.Ad-Hoc|ARM.ActiveCfg = Release|ARM
		{2A585040-D058-46BF-B92D-444A48B2042C}.Ad-Hoc|ARM.Build.0 = Release|ARM
		{2A585040-D058-46BF-B92D-444A48B2042C}.Ad-Hoc|ARM.Deploy.0 = Release|ARM
		{2A585040-D058-46BF-B92D-444A48B2042C}.Ad-Hoc|iPhone.ActiveCfg = Release|Any CPU
		{2A585040-D058-46BF-B92D-444A48B2042C}.Ad-Hoc|iPhoneSimulator.ActiveCfg = Release|Any CPU
		{2A585040-D058-46BF-B92D-444A48B2042C}.Ad-Hoc|Mixed Platforms.ActiveCfg = Release|x86
		{2A585040-D058-46BF-B92D-444A48B2042C}.Ad-Hoc|Mixed Platforms.Build.0 = Release|x86
		{2A585040-D058-46BF-B92D-444A48B2042C}.Ad-Hoc|Mixed Platforms.Deploy.0 = Release|x86
		{2A585040-D058-46BF-B92D-444A48B2042C}.Ad-Hoc|x86.ActiveCfg = Release|x86
		{2A585040-D058-46BF-B92D-444A48B2042C}.Ad-Hoc|x86.Build.0 = Release|x86
		{2A585040-D058-46BF-B92D-444A48B2042C}.Ad-Hoc|x86.Deploy.0 = Release|x86
		{2A585040-D058-46BF-B92D-444A48B2042C}.AppStore|Any CPU.ActiveCfg = Release|Any CPU
		{2A585040-D058-46BF-B92D-444A48B2042C}.AppStore|Any CPU.Build.0 = Release|Any CPU
		{2A585040-D058-46BF-B92D-444A48B2042C}.AppStore|Any CPU.Deploy.0 = Release|Any CPU
		{2A585040-D058-46BF-B92D-444A48B2042C}.AppStore|ARM.ActiveCfg = Release|ARM
		{2A585040-D058-46BF-B92D-444A48B2042C}.AppStore|ARM.Build.0 = Release|ARM
		{2A585040-D058-46BF-B92D-444A48B2042C}.AppStore|ARM.Deploy.0 = Release|ARM
		{2A585040-D058-46BF-B92D-444A48B2042C}.AppStore|iPhone.ActiveCfg = Release|Any CPU
		{2A585040-D058-46BF-B92D-444A48B2042C}.AppStore|iPhoneSimulator.ActiveCfg = Release|Any CPU
		{2A585040-D058-46BF-B92D-444A48B2042C}.AppStore|Mixed Platforms.ActiveCfg = Release|x86
		{2A585040-D058-46BF-B92D-444A48B2042C}.AppStore|Mixed Platforms.Build.0 = Release|x86
		{2A585040-D058-46BF-B92D-444A48B2042C}.AppStore|Mixed Platforms.Deploy.0 = Release|x86
		{2A585040-D058-46BF-B92D-444A48B2042C}.AppStore|x86.ActiveCfg = Release|x86
		{2A585040-D058-46BF-B92D-444A48B2042C}.AppStore|x86.Build.0 = Release|x86
		{2A585040-D058-46BF-B92D-444A48B2042C}.AppStore|x86.Deploy.0 = Release|x86
		{2A585040-D058-46BF-B92D-444A48B2042C}.Debug|Any CPU.ActiveCfg = Debug|Any CPU
		{2A585040-D058-46BF-B92D-444A48B2042C}.Debug|Any CPU.Build.0 = Debug|Any CPU
		{2A585040-D058-46BF-B92D-444A48B2042C}.Debug|Any CPU.Deploy.0 = Debug|Any CPU
		{2A585040-D058-46BF-B92D-444A48B2042C}.Debug|ARM.ActiveCfg = Debug|ARM
		{2A585040-D058-46BF-B92D-444A48B2042C}.Debug|ARM.Build.0 = Debug|ARM
		{2A585040-D058-46BF-B92D-444A48B2042C}.Debug|ARM.Deploy.0 = Debug|ARM
		{2A585040-D058-46BF-B92D-444A48B2042C}.Debug|iPhone.ActiveCfg = Debug|Any CPU
		{2A585040-D058-46BF-B92D-444A48B2042C}.Debug|iPhoneSimulator.ActiveCfg = Debug|Any CPU
		{2A585040-D058-46BF-B92D-444A48B2042C}.Debug|Mixed Platforms.ActiveCfg = Debug|x86
		{2A585040-D058-46BF-B92D-444A48B2042C}.Debug|Mixed Platforms.Build.0 = Debug|x86
		{2A585040-D058-46BF-B92D-444A48B2042C}.Debug|Mixed Platforms.Deploy.0 = Debug|x86
		{2A585040-D058-46BF-B92D-444A48B2042C}.Debug|x86.ActiveCfg = Debug|x86
		{2A585040-D058-46BF-B92D-444A48B2042C}.Debug|x86.Build.0 = Debug|x86
		{2A585040-D058-46BF-B92D-444A48B2042C}.Debug|x86.Deploy.0 = Debug|x86
		{2A585040-D058-46BF-B92D-444A48B2042C}.Release|Any CPU.ActiveCfg = Release|Any CPU
		{2A585040-D058-46BF-B92D-444A48B2042C}.Release|Any CPU.Build.0 = Release|Any CPU
		{2A585040-D058-46BF-B92D-444A48B2042C}.Release|Any CPU.Deploy.0 = Release|Any CPU
		{2A585040-D058-46BF-B92D-444A48B2042C}.Release|ARM.ActiveCfg = Release|ARM
		{2A585040-D058-46BF-B92D-444A48B2042C}.Release|ARM.Build.0 = Release|ARM
		{2A585040-D058-46BF-B92D-444A48B2042C}.Release|ARM.Deploy.0 = Release|ARM
		{2A585040-D058-46BF-B92D-444A48B2042C}.Release|iPhone.ActiveCfg = Release|Any CPU
		{2A585040-D058-46BF-B92D-444A48B2042C}.Release|iPhoneSimulator.ActiveCfg = Release|Any CPU
		{2A585040-D058-46BF-B92D-444A48B2042C}.Release|Mixed Platforms.ActiveCfg = Release|x86
		{2A585040-D058-46BF-B92D-444A48B2042C}.Release|Mixed Platforms.Build.0 = Release|x86
		{2A585040-D058-46BF-B92D-444A48B2042C}.Release|Mixed Platforms.Deploy.0 = Release|x86
		{2A585040-D058-46BF-B92D-444A48B2042C}.Release|x86.ActiveCfg = Release|x86
		{2A585040-D058-46BF-B92D-444A48B2042C}.Release|x86.Build.0 = Release|x86
		{2A585040-D058-46BF-B92D-444A48B2042C}.Release|x86.Deploy.0 = Release|x86
	EndGlobalSection
	GlobalSection(SolutionProperties) = preSolution
		HideSolutionNode = FALSE
	EndGlobalSection
	GlobalSection(NestedProjects) = preSolution
		{67F9D3A8-F71E-4428-913F-C37AE82CDB24} = {F937F89C-CD5E-41F0-A7DC-71A20A273D07}
		{17D63A00-38B6-4626-917D-C426990A0F5F} = {6D171536-93E6-408E-893B-29DABC57D490}
		{88CD827D-B536-4FD0-8B1E-22A3A5DEB542} = {6D171536-93E6-408E-893B-29DABC57D490}
		{14199E3A-D65C-49C3-80AA-F8E403A2E9F4} = {6D171536-93E6-408E-893B-29DABC57D490}
		{2A585040-D058-46BF-B92D-444A48B2042C} = {6D171536-93E6-408E-893B-29DABC57D490}
	EndGlobalSection
EndGlobal
